{
  "object": {
    "pins": [
      {
        "package": "Alamofire",
        "repositoryURL": "https://github.com/Alamofire/Alamofire.git",
        "state": {
          "branch": null,
          "revision": "becd9a729a37bdbef5bc39dc3c702b99f9e3d046",
          "version": "5.2.2"
        }
      },
      {
        "package": "Realm",
        "repositoryURL": "https://github.com/realm/realm-cocoa.git",
        "state": {
          "branch": null,
          "revision": "6310911a38d55003f0b8acca96635aa2bfc3e2c0",
          "version": "5.4.0"
        }
      },
      {
        "package": "RealmCore",
        "repositoryURL": "https://github.com/realm/realm-core",
        "state": {
          "branch": null,
          "revision": "34d7fbcbab2a94bcad081bddf9d172961cd84659",
          "version": "6.0.25"
        }
      },
      {
        "package": "TTGSnackbar",
        "repositoryURL": "https://github.com/zekunyan/TTGSnackbar.git",
        "state": {
          "branch": null,
          "revision": "7b569ce71fe57eee08bb497b18c822b8386219cf",
          "version": "1.10.3"
        }
      }
    ]
  },
  "version": 1
}
